
Microsoft Visual Studio Solution File, Format Version 12.00
# Visual Studio 2013
VisualStudioVersion = 12.0.30723.0
MinimumVisualStudioVersion = 10.0.40219.1
Project("{FAE04EC0-301F-11D3-BF4B-00C04F79EFBC}") = "ConsoleTricks", "ConsoleTricks\ConsoleTricks.csproj", "{531A833C-7DF2-41F6-B048-124ADB59FEB8}"
EndProject
Global
	GlobalSection(SolutionConfigurationPlatforms) = preSolution
		Debug|Any CPU = Debug|Any CPU
		Release|Any CPU = Release|Any CPU
	EndGlobalSection
	GlobalSection(ProjectConfigurationPlatforms) = postSolution
		{531A833C-7DF2-41F6-B048-124ADB59FEB8}.Debug|Any CPU.ActiveCfg = Debug|Any CPU
		{531A833C-7DF2-41F6-B048-124ADB59FEB8}.Debug|Any CPU.Build.0 = Debug|Any CPU
		{531A833C-7DF2-41F6-B048-124ADB59FEB8}.Release|Any CPU.ActiveCfg = Release|Any CPU
		{531A833C-7DF2-41F6-B048-124ADB59FEB8}.Release|Any CPU.Build.0 = Release|Any CPU
	EndGlobalSection
	GlobalSection(SolutionProperties) = preSolution
		HideSolutionNode = FALSE
	EndGlobalSection
EndGlobal
